
Microsoft Visual Studio Solution File, Format Version 12.00
# Visual Studio Version 16
VisualStudioVersion = 16.0.28729.10
MinimumVisualStudioVersion = 10.0.40219.1
Project("{FAE04EC0-301F-11D3-BF4B-00C04F79EFBC}") = "Squidex.Samples.ClientLibrary", "src\Squidex.Samples.ClientLibrary\Squidex.Samples.ClientLibrary.csproj", "{EEC2C3CF-E0DB-4E13-9104-E61801E55F98}"
EndProject
Global
	GlobalSection(SolutionConfigurationPlatforms) = preSolution
		Debug|Any CPU = Debug|Any CPU
		Release|Any CPU = Release|Any CPU
	EndGlobalSection
	GlobalSection(ProjectConfigurationPlatforms) = postSolution
		{EEC2C3CF-E0DB-4E13-9104-E61801E55F98}.Debug|Any CPU.ActiveCfg = Debug|Any CPU
		{EEC2C3CF-E0DB-4E13-9104-E61801E55F98}.Debug|Any CPU.Build.0 = Debug|Any CPU
		{EEC2C3CF-E0DB-4E13-9104-E61801E55F98}.Release|Any CPU.ActiveCfg = Release|Any CPU
		{EEC2C3CF-E0DB-4E13-9104-E61801E55F98}.Release|Any CPU.Build.0 = Release|Any CPU
	EndGlobalSection
	GlobalSection(SolutionProperties) = preSolution
		HideSolutionNode = FALSE
	EndGlobalSection
	GlobalSection(ExtensibilityGlobals) = postSolution
		SolutionGuid = {215099ED-FF73-4E11-B46A-C4F8ABFD85AE}
	EndGlobalSection
EndGlobal
